{
  "pins" : [
    {
      "identity" : "lottie-spm",
      "kind" : "remoteSourceControl",
      "location" : "https://github.com/airbnb/lottie-spm.git",
      "state" : {
        "branch" : "main",
        "revision" : "c3852816c622ad35a03ed39c187c1644ece2382b"
      }
    },
    {
      "identity" : "sdwebimage",
      "kind" : "remoteSourceControl",
      "location" : "https://github.com/SDWebImage/SDWebImage.git",
      "state" : {
        "branch" : "master",
        "revision" : "a47bc00770240901a1c99a26c0dad638fa899917"
      }
    }
  ],
  "version" : 2
}
